
Microsoft Visual Studio Solution File, Format Version 12.00
# Visual Studio Version 17
VisualStudioVersion = 17.5.33414.496
MinimumVisualStudioVersion = 10.0.40219.1
Project("{9A19103F-16F7-4668-BE54-9A1E7A4F7556}") = "TankBattle", "TankBattle\TankBattle.csproj", "{D806FAEB-7D9B-4230-9446-C089832E97B5}"
EndProject
Project("{FAE04EC0-301F-11D3-BF4B-00C04F79EFBC}") = "Sleet.Core", "Sleet.Core\Sleet.Core.csproj", "{CC29C491-5B87-479A-94C7-5344D9B53DBA}"
EndProject
Project("{FAE04EC0-301F-11D3-BF4B-00C04F79EFBC}") = "Sleet.Helper", "Sleet.Helper\Sleet.Helper.csproj", "{2E426DED-EE22-4E0F-800C-B3C417EC6F0F}"
EndProject
Global
	GlobalSection(SolutionConfigurationPlatforms) = preSolution
		Debug|Any CPU = Debug|Any CPU
		Release|Any CPU = Release|Any CPU
	EndGlobalSection
	GlobalSection(ProjectConfigurationPlatforms) = postSolution
		{D806FAEB-7D9B-4230-9446-C089832E97B5}.Debug|Any CPU.ActiveCfg = Debug|Any CPU
		{D806FAEB-7D9B-4230-9446-C089832E97B5}.Debug|Any CPU.Build.0 = Debug|Any CPU
		{D806FAEB-7D9B-4230-9446-C089832E97B5}.Release|Any CPU.ActiveCfg = Release|Any CPU
		{D806FAEB-7D9B-4230-9446-C089832E97B5}.Release|Any CPU.Build.0 = Release|Any CPU
		{CC29C491-5B87-479A-94C7-5344D9B53DBA}.Debug|Any CPU.ActiveCfg = Debug|Any CPU
		{CC29C491-5B87-479A-94C7-5344D9B53DBA}.Debug|Any CPU.Build.0 = Debug|Any CPU
		{CC29C491-5B87-479A-94C7-5344D9B53DBA}.Release|Any CPU.ActiveCfg = Release|Any CPU
		{CC29C491-5B87-479A-94C7-5344D9B53DBA}.Release|Any CPU.Build.0 = Release|Any CPU
		{2E426DED-EE22-4E0F-800C-B3C417EC6F0F}.Debug|Any CPU.ActiveCfg = Debug|Any CPU
		{2E426DED-EE22-4E0F-800C-B3C417EC6F0F}.Debug|Any CPU.Build.0 = Debug|Any CPU
		{2E426DED-EE22-4E0F-800C-B3C417EC6F0F}.Release|Any CPU.ActiveCfg = Release|Any CPU
		{2E426DED-EE22-4E0F-800C-B3C417EC6F0F}.Release|Any CPU.Build.0 = Release|Any CPU
	EndGlobalSection
	GlobalSection(SolutionProperties) = preSolution
		HideSolutionNode = FALSE
	EndGlobalSection
	GlobalSection(ExtensibilityGlobals) = postSolution
		SolutionGuid = {C1CCBC8F-B257-49E7-8C51-FC5AF1016EE2}
	EndGlobalSection
EndGlobal
